
Microsoft Visual Studio Solution File, Format Version 12.00
# Visual Studio 15
VisualStudioVersion = 15.0.27004.2002
MinimumVisualStudioVersion = 10.0.40219.1
Project("{9A19103F-16F7-4668-BE54-9A1E7A4F7556}") = "CodeChallenge", "CodeChallenge\CodeChallenge.csproj", "{4F4D95E1-9A0E-4A55-8015-6AADA073396C}"
EndProject
Project("{9A19103F-16F7-4668-BE54-9A1E7A4F7556}") = "CodeChallenge.Data", "CodeChallenge.Data\CodeChallenge.Data.csproj", "{37024637-3DEB-4EE9-8644-1799CB9794EF}"
EndProject
Project("{9A19103F-16F7-4668-BE54-9A1E7A4F7556}") = "CodeChallenge.Services", "CodeChallenge.Services\CodeChallenge.Services.csproj", "{A56908ED-ABD4-460C-9D83-265E5D13BBB0}"
EndProject
Project("{9A19103F-16F7-4668-BE54-9A1E7A4F7556}") = "CodeChallenge.Core", "CodeChallenge.Core\CodeChallenge.Core.csproj", "{618C7E43-B186-4A41-8589-927ECE6768D8}"
EndProject
Global
	GlobalSection(SolutionConfigurationPlatforms) = preSolution
		Debug|Any CPU = Debug|Any CPU
		Release|Any CPU = Release|Any CPU
	EndGlobalSection
	GlobalSection(ProjectConfigurationPlatforms) = postSolution
		{4F4D95E1-9A0E-4A55-8015-6AADA073396C}.Debug|Any CPU.ActiveCfg = Debug|Any CPU
		{4F4D95E1-9A0E-4A55-8015-6AADA073396C}.Debug|Any CPU.Build.0 = Debug|Any CPU
		{4F4D95E1-9A0E-4A55-8015-6AADA073396C}.Release|Any CPU.ActiveCfg = Release|Any CPU
		{4F4D95E1-9A0E-4A55-8015-6AADA073396C}.Release|Any CPU.Build.0 = Release|Any CPU
		{37024637-3DEB-4EE9-8644-1799CB9794EF}.Debug|Any CPU.ActiveCfg = Debug|Any CPU
		{37024637-3DEB-4EE9-8644-1799CB9794EF}.Debug|Any CPU.Build.0 = Debug|Any CPU
		{37024637-3DEB-4EE9-8644-1799CB9794EF}.Release|Any CPU.ActiveCfg = Release|Any CPU
		{37024637-3DEB-4EE9-8644-1799CB9794EF}.Release|Any CPU.Build.0 = Release|Any CPU
		{A56908ED-ABD4-460C-9D83-265E5D13BBB0}.Debug|Any CPU.ActiveCfg = Debug|Any CPU
		{A56908ED-ABD4-460C-9D83-265E5D13BBB0}.Debug|Any CPU.Build.0 = Debug|Any CPU
		{A56908ED-ABD4-460C-9D83-265E5D13BBB0}.Release|Any CPU.ActiveCfg = Release|Any CPU
		{A56908ED-ABD4-460C-9D83-265E5D13BBB0}.Release|Any CPU.Build.0 = Release|Any CPU
		{618C7E43-B186-4A41-8589-927ECE6768D8}.Debug|Any CPU.ActiveCfg = Debug|Any CPU
		{618C7E43-B186-4A41-8589-927ECE6768D8}.Debug|Any CPU.Build.0 = Debug|Any CPU
		{618C7E43-B186-4A41-8589-927ECE6768D8}.Release|Any CPU.ActiveCfg = Release|Any CPU
		{618C7E43-B186-4A41-8589-927ECE6768D8}.Release|Any CPU.Build.0 = Release|Any CPU
	EndGlobalSection
	GlobalSection(SolutionProperties) = preSolution
		HideSolutionNode = FALSE
	EndGlobalSection
	GlobalSection(ExtensibilityGlobals) = postSolution
		SolutionGuid = {41357DD6-4314-4DE1-86E1-ADE97FEACA30}
	EndGlobalSection
EndGlobal
